
Microsoft Visual Studio Solution File, Format Version 11.00
# Visual Studio 2010
Project("{FAE04EC0-301F-11D3-BF4B-00C04F79EFBC}") = "MENU", "Assembly-CSharp.csproj", "{B2068BEC-DB71-6E2C-0067-0F3FE935A629}"
EndProject
Project("{FAE04EC0-301F-11D3-BF4B-00C04F79EFBC}") = "MENU", "Assembly-CSharp-Editor.csproj", "{4B7934E3-1EA7-6D2B-E8FA-6882FD91A4F2}"
EndProject
Global
	GlobalSection(SolutionConfigurationPlatforms) = preSolution
		Debug|Any CPU = Debug|Any CPU
		Release|Any CPU = Release|Any CPU
	EndGlobalSection
	GlobalSection(ProjectConfigurationPlatforms) = postSolution
		{B2068BEC-DB71-6E2C-0067-0F3FE935A629}.Debug|Any CPU.ActiveCfg = Debug|Any CPU
		{B2068BEC-DB71-6E2C-0067-0F3FE935A629}.Debug|Any CPU.Build.0 = Debug|Any CPU
		{B2068BEC-DB71-6E2C-0067-0F3FE935A629}.Release|Any CPU.ActiveCfg = Release|Any CPU
		{B2068BEC-DB71-6E2C-0067-0F3FE935A629}.Release|Any CPU.Build.0 = Release|Any CPU
		{4B7934E3-1EA7-6D2B-E8FA-6882FD91A4F2}.Debug|Any CPU.ActiveCfg = Debug|Any CPU
		{4B7934E3-1EA7-6D2B-E8FA-6882FD91A4F2}.Debug|Any CPU.Build.0 = Debug|Any CPU
		{4B7934E3-1EA7-6D2B-E8FA-6882FD91A4F2}.Release|Any CPU.ActiveCfg = Release|Any CPU
		{4B7934E3-1EA7-6D2B-E8FA-6882FD91A4F2}.Release|Any CPU.Build.0 = Release|Any CPU
	EndGlobalSection
	GlobalSection(SolutionProperties) = preSolution
		HideSolutionNode = FALSE
	EndGlobalSection
	GlobalSection(MonoDevelopProperties) = preSolution
		StartupItem = Assembly-CSharp.csproj
	EndGlobalSection
EndGlobal
